{
  "object": {
    "pins": [
      {
        "package": "Ocean",
        "repositoryURL": "https://github.com/es-kumagai/Ocean",
        "state": {
          "branch": "master",
          "revision": "a3d0c5629f8f7f185d8fe354447911cf5c75057b",
          "version": null
        }
      },
      {
        "package": "Swim",
        "repositoryURL": "https://github.com/es-kumagai/Swim",
        "state": {
          "branch": "master",
          "revision": "20e70472933c0623205b15b81365970445861eea",
          "version": null
        }
      }
    ]
  },
  "version": 1
}
