{
  "object": {
    "pins": [
      {
        "package": "Ocean",
        "repositoryURL": "https://github.com/es-kumagai/Ocean",
        "state": {
          "branch": "master",
          "revision": "d3fab087636da71f29823d6de5cc956f362b00b9",
          "version": null
        }
      },
      {
        "package": "Swim",
        "repositoryURL": "https://github.com/es-kumagai/Swim",
        "state": {
          "branch": "master",
          "revision": "20e70472933c0623205b15b81365970445861eea",
          "version": null
        }
      }
    ]
  },
  "version": 1
}
