{
  "object": {
    "pins": [
      {
        "package": "Ocean",
        "repositoryURL": "https://github.com/es-kumagai/Ocean",
        "state": {
          "branch": "master",
          "revision": "a2935f5a9522e1b72a0aa82f556a5a90e2e38beb",
          "version": null
        }
      },
      {
        "package": "Swim",
        "repositoryURL": "https://github.com/es-kumagai/Swim",
        "state": {
          "branch": "master",
          "revision": "08b83bc5765aeffa86f00b868c0af487428dc6b3",
          "version": null
        }
      }
    ]
  },
  "version": 1
}
